
Microsoft Visual Studio Solution File, Format Version 12.00
# Visual Studio Version 17
VisualStudioVersion = 17.3.32804.467
MinimumVisualStudioVersion = 10.0.40219.1
Project("{9A19103F-16F7-4668-BE54-9A1E7A4F7556}") = "WebApi", "WebApi\WebApi.csproj", "{165AC348-B1AB-412F-858C-B5379B5A9C12}"
EndProject
Project("{9A19103F-16F7-4668-BE54-9A1E7A4F7556}") = "AuditLogging", "AuditLogging\AuditLogging.csproj", "{DCF7735D-ABA7-4B32-B80B-380D7F7D4350}"
EndProject
Global
	GlobalSection(SolutionConfigurationPlatforms) = preSolution
		Debug|Any CPU = Debug|Any CPU
		Release|Any CPU = Release|Any CPU
	EndGlobalSection
	GlobalSection(ProjectConfigurationPlatforms) = postSolution
		{165AC348-B1AB-412F-858C-B5379B5A9C12}.Debug|Any CPU.ActiveCfg = Debug|Any CPU
		{165AC348-B1AB-412F-858C-B5379B5A9C12}.Debug|Any CPU.Build.0 = Debug|Any CPU
		{165AC348-B1AB-412F-858C-B5379B5A9C12}.Release|Any CPU.ActiveCfg = Release|Any CPU
		{165AC348-B1AB-412F-858C-B5379B5A9C12}.Release|Any CPU.Build.0 = Release|Any CPU
		{DCF7735D-ABA7-4B32-B80B-380D7F7D4350}.Debug|Any CPU.ActiveCfg = Debug|Any CPU
		{DCF7735D-ABA7-4B32-B80B-380D7F7D4350}.Debug|Any CPU.Build.0 = Debug|Any CPU
		{DCF7735D-ABA7-4B32-B80B-380D7F7D4350}.Release|Any CPU.ActiveCfg = Release|Any CPU
		{DCF7735D-ABA7-4B32-B80B-380D7F7D4350}.Release|Any CPU.Build.0 = Release|Any CPU
	EndGlobalSection
	GlobalSection(SolutionProperties) = preSolution
		HideSolutionNode = FALSE
	EndGlobalSection
	GlobalSection(ExtensibilityGlobals) = postSolution
		SolutionGuid = {5D12E0BE-F14B-4D91-9139-9E48FDD35DC3}
	EndGlobalSection
EndGlobal
